
Microsoft Visual Studio Solution File, Format Version 11.00
# Visual Studio 2010
Project("{FAE04EC0-301F-11D3-BF4B-00C04F79EFBC}") = "employeeAdministration", "employeeAdministration\employeeAdministration.csproj", "{BBFB1FA2-D99C-4951-82FC-12DECFD6E0F4}"
EndProject
Global
	GlobalSection(SolutionConfigurationPlatforms) = preSolution
		Debug|x86 = Debug|x86
		Release|x86 = Release|x86
	EndGlobalSection
	GlobalSection(ProjectConfigurationPlatforms) = postSolution
		{BBFB1FA2-D99C-4951-82FC-12DECFD6E0F4}.Debug|x86.ActiveCfg = Debug|x86
		{BBFB1FA2-D99C-4951-82FC-12DECFD6E0F4}.Debug|x86.Build.0 = Debug|x86
		{BBFB1FA2-D99C-4951-82FC-12DECFD6E0F4}.Release|x86.ActiveCfg = Release|x86
		{BBFB1FA2-D99C-4951-82FC-12DECFD6E0F4}.Release|x86.Build.0 = Release|x86
	EndGlobalSection
	GlobalSection(SolutionProperties) = preSolution
		HideSolutionNode = FALSE
	EndGlobalSection
EndGlobal
